# This file is automatically @generated by Cargo.
# It is not intended for manual editing.
[[package]]
name = "float_eq"
version = "0.3.1"
source = "registry+https://github.com/rust-lang/crates.io-index"

[[package]]
name = "unnamed_protocol_client"
version = "0.1.0"
dependencies = [
 "float_eq 0.3.1 (registry+https://github.com/rust-lang/crates.io-index)",
]

[[package]]
name = "unnamed_protocol_server"
version = "0.1.0"

[metadata]
"checksum float_eq 0.3.1 (registry+https://github.com/rust-lang/crates.io-index)" = "c7e578cadc35bbb29693b20d3d80038cac80bd2642c63963a046557b8236d2de"
